
Microsoft Visual Studio Solution File, Format Version 12.00
# Visual Studio Version 16
VisualStudioVersion = 16.0.29102.190
MinimumVisualStudioVersion = 10.0.40219.1
Project("{FAE04EC0-301F-11D3-BF4B-00C04F79EFBC}") = "LogsWrapper", "LogsWrapper\LogsWrapper.csproj", "{32BEDC9D-69F1-4A60-9B40-34A49B1E4902}"
EndProject
Project("{FAE04EC0-301F-11D3-BF4B-00C04F79EFBC}") = "LogsWrapper.WPF.Tests", "LogsWrapper.WPF.Tests\LogsWrapper.WPF.Tests.csproj", "{B01FDA4E-8A13-4BC0-AF8A-80EF0C78F3E1}"
EndProject
Project("{FAE04EC0-301F-11D3-BF4B-00C04F79EFBC}") = "MVVMUtilsWrapper.Tests", "MVVMUtilsWrapper.Tests\MVVMUtilsWrapper.Tests.csproj", "{B3F72E89-9479-4AAF-9EC9-4B0B73456BCA}"
EndProject
Project("{FAE04EC0-301F-11D3-BF4B-00C04F79EFBC}") = "WpfExperiments", "WpfExperiments\WpfExperiments.csproj", "{444965FA-1FFD-4052-B506-693FA938CFE1}"
EndProject
Project("{FAE04EC0-301F-11D3-BF4B-00C04F79EFBC}") = "MVVMUtilsWrapper.Demo", "MVVMUtilsWrapper.Demo\MVVMUtilsWrapper.Demo.csproj", "{1F00F538-BD06-4B52-9097-328A0333C3DE}"
EndProject
Project("{2150E333-8FDC-42A3-9474-1A3956D46DE8}") = "Solution Items", "Solution Items", "{74534D09-E2BC-40DF-81BB-A2310505A6C9}"
	ProjectSection(SolutionItems) = preProject
		Doxyfile = Doxyfile
		Планы.txt = Планы.txt
	EndProjectSection
EndProject
Project("{2150E333-8FDC-42A3-9474-1A3956D46DE8}") = "Решения", "Решения", "{2590FE95-3A24-4EBA-BC40-E74F759B00E5}"
EndProject
Project("{FAE04EC0-301F-11D3-BF4B-00C04F79EFBC}") = "SintezWpfUiLib", "SintezWpfUiLib\SintezWpfUiLib.csproj", "{06F65FAC-8B7E-441D-8B9B-5C4568C998D3}"
EndProject
Project("{FAE04EC0-301F-11D3-BF4B-00C04F79EFBC}") = "LogsWrapper.Console.Tests", "LogsWrapper.Console.Tests\LogsWrapper.Console.Tests.csproj", "{12B0F27B-A965-4C4E-AE45-7604A9F2E72E}"
EndProject
Project("{FAE04EC0-301F-11D3-BF4B-00C04F79EFBC}") = "OfficeWrapper.Tests", "OfficeWrapper.Tests\OfficeWrapper.Tests.csproj", "{9F4D4980-CA20-482D-82B2-CD5E5C2F9B95}"
EndProject
Project("{FAE04EC0-301F-11D3-BF4B-00C04F79EFBC}") = "BogdanovUtilsLib.MSILHandle.Tests", "BogdanovUtilsLib.MSILHandle.Tests\BogdanovUtilsLib.MSILHandle.Tests.csproj", "{A98BB1F8-407B-4DF3-B815-DA44F496216A}"
EndProject
Project("{FAE04EC0-301F-11D3-BF4B-00C04F79EFBC}") = "BogdanovUtilitisLib", "BogdanovUtilitisLib\BogdanovUtilitisLib.csproj", "{9690D6E0-D0C6-40FF-895B-BF93F11D4AC1}"
EndProject
Project("{FAE04EC0-301F-11D3-BF4B-00C04F79EFBC}") = "BogdanovCodeAnalyzer", "BogdanovCodeAnalyzer\BogdanovCodeAnalyzer.csproj", "{3CA03696-7864-443C-9624-D252966ADEBC}"
EndProject
Project("{FAE04EC0-301F-11D3-BF4B-00C04F79EFBC}") = "BogdanovCodeAnalyzer.Contracts", "BogdanovCodeAnalyzer.Contracts\BogdanovCodeAnalyzer.Contracts.csproj", "{DEE32F81-3EEB-437A-8639-372D7B21CAB7}"
EndProject
Project("{FAE04EC0-301F-11D3-BF4B-00C04F79EFBC}") = "BogdanovCodeAnalyzer.Client", "BogdanovCodeAnalyzer.Client\BogdanovCodeAnalyzer.Client.csproj", "{A0E7FAA5-E1E0-45F4-B1CC-B194C8DFDC4D}"
EndProject
Project("{FAE04EC0-301F-11D3-BF4B-00C04F79EFBC}") = "RoslynTests", "RoslynTests\RoslynTests.csproj", "{AD19F94A-0FD0-431D-AF26-E66CE7E7BD9D}"
EndProject
Project("{FAE04EC0-301F-11D3-BF4B-00C04F79EFBC}") = "WcfSamplesServer", "WcfSamplesServer\WcfSamplesServer.csproj", "{B78E683E-2F89-481F-A1C9-15AB0C0B96C3}"
EndProject
Project("{2150E333-8FDC-42A3-9474-1A3956D46DE8}") = "WcfSamples", "WcfSamples", "{61F4FF41-0FA6-4B8E-81FC-128719510F08}"
EndProject
Project("{FAE04EC0-301F-11D3-BF4B-00C04F79EFBC}") = "WcfSamplesContract", "WcfSamplesContract\WcfSamplesContract.csproj", "{6F8A902B-AAD3-4916-A417-7FB7A7E1B923}"
EndProject
Project("{FAE04EC0-301F-11D3-BF4B-00C04F79EFBC}") = "WcfSamplesClient", "WcfSamplesClient\WcfSamplesClient.csproj", "{11DFD2F0-5D99-456D-B3FA-6ADAD9FB7EAE}"
	ProjectSection(ProjectDependencies) = postProject
		{6F8A902B-AAD3-4916-A417-7FB7A7E1B923} = {6F8A902B-AAD3-4916-A417-7FB7A7E1B923}
	EndProjectSection
EndProject
Global
	GlobalSection(SolutionConfigurationPlatforms) = preSolution
		Debug|Any CPU = Debug|Any CPU
		Release|Any CPU = Release|Any CPU
	EndGlobalSection
	GlobalSection(ProjectConfigurationPlatforms) = postSolution
		{32BEDC9D-69F1-4A60-9B40-34A49B1E4902}.Debug|Any CPU.ActiveCfg = Debug|Any CPU
		{32BEDC9D-69F1-4A60-9B40-34A49B1E4902}.Debug|Any CPU.Build.0 = Debug|Any CPU
		{32BEDC9D-69F1-4A60-9B40-34A49B1E4902}.Release|Any CPU.ActiveCfg = Release|Any CPU
		{32BEDC9D-69F1-4A60-9B40-34A49B1E4902}.Release|Any CPU.Build.0 = Release|Any CPU
		{B01FDA4E-8A13-4BC0-AF8A-80EF0C78F3E1}.Debug|Any CPU.ActiveCfg = Debug|Any CPU
		{B01FDA4E-8A13-4BC0-AF8A-80EF0C78F3E1}.Debug|Any CPU.Build.0 = Debug|Any CPU
		{B01FDA4E-8A13-4BC0-AF8A-80EF0C78F3E1}.Release|Any CPU.ActiveCfg = Release|Any CPU
		{B01FDA4E-8A13-4BC0-AF8A-80EF0C78F3E1}.Release|Any CPU.Build.0 = Release|Any CPU
		{B3F72E89-9479-4AAF-9EC9-4B0B73456BCA}.Debug|Any CPU.ActiveCfg = Debug|Any CPU
		{B3F72E89-9479-4AAF-9EC9-4B0B73456BCA}.Debug|Any CPU.Build.0 = Debug|Any CPU
		{B3F72E89-9479-4AAF-9EC9-4B0B73456BCA}.Release|Any CPU.ActiveCfg = Release|Any CPU
		{B3F72E89-9479-4AAF-9EC9-4B0B73456BCA}.Release|Any CPU.Build.0 = Release|Any CPU
		{444965FA-1FFD-4052-B506-693FA938CFE1}.Debug|Any CPU.ActiveCfg = Debug|Any CPU
		{444965FA-1FFD-4052-B506-693FA938CFE1}.Debug|Any CPU.Build.0 = Debug|Any CPU
		{444965FA-1FFD-4052-B506-693FA938CFE1}.Release|Any CPU.ActiveCfg = Release|Any CPU
		{444965FA-1FFD-4052-B506-693FA938CFE1}.Release|Any CPU.Build.0 = Release|Any CPU
		{1F00F538-BD06-4B52-9097-328A0333C3DE}.Debug|Any CPU.ActiveCfg = Debug|Any CPU
		{1F00F538-BD06-4B52-9097-328A0333C3DE}.Debug|Any CPU.Build.0 = Debug|Any CPU
		{1F00F538-BD06-4B52-9097-328A0333C3DE}.Release|Any CPU.ActiveCfg = Release|Any CPU
		{1F00F538-BD06-4B52-9097-328A0333C3DE}.Release|Any CPU.Build.0 = Release|Any CPU
		{06F65FAC-8B7E-441D-8B9B-5C4568C998D3}.Debug|Any CPU.ActiveCfg = Debug|Any CPU
		{06F65FAC-8B7E-441D-8B9B-5C4568C998D3}.Debug|Any CPU.Build.0 = Debug|Any CPU
		{06F65FAC-8B7E-441D-8B9B-5C4568C998D3}.Release|Any CPU.ActiveCfg = Release|Any CPU
		{06F65FAC-8B7E-441D-8B9B-5C4568C998D3}.Release|Any CPU.Build.0 = Release|Any CPU
		{12B0F27B-A965-4C4E-AE45-7604A9F2E72E}.Debug|Any CPU.ActiveCfg = Debug|Any CPU
		{12B0F27B-A965-4C4E-AE45-7604A9F2E72E}.Debug|Any CPU.Build.0 = Debug|Any CPU
		{12B0F27B-A965-4C4E-AE45-7604A9F2E72E}.Release|Any CPU.ActiveCfg = Release|Any CPU
		{12B0F27B-A965-4C4E-AE45-7604A9F2E72E}.Release|Any CPU.Build.0 = Release|Any CPU
		{9F4D4980-CA20-482D-82B2-CD5E5C2F9B95}.Debug|Any CPU.ActiveCfg = Debug|Any CPU
		{9F4D4980-CA20-482D-82B2-CD5E5C2F9B95}.Debug|Any CPU.Build.0 = Debug|Any CPU
		{9F4D4980-CA20-482D-82B2-CD5E5C2F9B95}.Release|Any CPU.ActiveCfg = Release|Any CPU
		{9F4D4980-CA20-482D-82B2-CD5E5C2F9B95}.Release|Any CPU.Build.0 = Release|Any CPU
		{A98BB1F8-407B-4DF3-B815-DA44F496216A}.Debug|Any CPU.ActiveCfg = Debug|Any CPU
		{A98BB1F8-407B-4DF3-B815-DA44F496216A}.Debug|Any CPU.Build.0 = Debug|Any CPU
		{A98BB1F8-407B-4DF3-B815-DA44F496216A}.Release|Any CPU.ActiveCfg = Release|Any CPU
		{A98BB1F8-407B-4DF3-B815-DA44F496216A}.Release|Any CPU.Build.0 = Release|Any CPU
		{9690D6E0-D0C6-40FF-895B-BF93F11D4AC1}.Debug|Any CPU.ActiveCfg = Debug|Any CPU
		{9690D6E0-D0C6-40FF-895B-BF93F11D4AC1}.Debug|Any CPU.Build.0 = Debug|Any CPU
		{9690D6E0-D0C6-40FF-895B-BF93F11D4AC1}.Release|Any CPU.ActiveCfg = Release|Any CPU
		{9690D6E0-D0C6-40FF-895B-BF93F11D4AC1}.Release|Any CPU.Build.0 = Release|Any CPU
		{3CA03696-7864-443C-9624-D252966ADEBC}.Debug|Any CPU.ActiveCfg = Debug|Any CPU
		{3CA03696-7864-443C-9624-D252966ADEBC}.Debug|Any CPU.Build.0 = Debug|Any CPU
		{3CA03696-7864-443C-9624-D252966ADEBC}.Release|Any CPU.ActiveCfg = Release|Any CPU
		{3CA03696-7864-443C-9624-D252966ADEBC}.Release|Any CPU.Build.0 = Release|Any CPU
		{DEE32F81-3EEB-437A-8639-372D7B21CAB7}.Debug|Any CPU.ActiveCfg = Debug|Any CPU
		{DEE32F81-3EEB-437A-8639-372D7B21CAB7}.Debug|Any CPU.Build.0 = Debug|Any CPU
		{DEE32F81-3EEB-437A-8639-372D7B21CAB7}.Release|Any CPU.ActiveCfg = Release|Any CPU
		{DEE32F81-3EEB-437A-8639-372D7B21CAB7}.Release|Any CPU.Build.0 = Release|Any CPU
		{A0E7FAA5-E1E0-45F4-B1CC-B194C8DFDC4D}.Debug|Any CPU.ActiveCfg = Debug|Any CPU
		{A0E7FAA5-E1E0-45F4-B1CC-B194C8DFDC4D}.Debug|Any CPU.Build.0 = Debug|Any CPU
		{A0E7FAA5-E1E0-45F4-B1CC-B194C8DFDC4D}.Release|Any CPU.ActiveCfg = Release|Any CPU
		{A0E7FAA5-E1E0-45F4-B1CC-B194C8DFDC4D}.Release|Any CPU.Build.0 = Release|Any CPU
		{AD19F94A-0FD0-431D-AF26-E66CE7E7BD9D}.Debug|Any CPU.ActiveCfg = Debug|Any CPU
		{AD19F94A-0FD0-431D-AF26-E66CE7E7BD9D}.Debug|Any CPU.Build.0 = Debug|Any CPU
		{AD19F94A-0FD0-431D-AF26-E66CE7E7BD9D}.Release|Any CPU.ActiveCfg = Release|Any CPU
		{AD19F94A-0FD0-431D-AF26-E66CE7E7BD9D}.Release|Any CPU.Build.0 = Release|Any CPU
		{B78E683E-2F89-481F-A1C9-15AB0C0B96C3}.Debug|Any CPU.ActiveCfg = Debug|Any CPU
		{B78E683E-2F89-481F-A1C9-15AB0C0B96C3}.Debug|Any CPU.Build.0 = Debug|Any CPU
		{B78E683E-2F89-481F-A1C9-15AB0C0B96C3}.Release|Any CPU.ActiveCfg = Release|Any CPU
		{B78E683E-2F89-481F-A1C9-15AB0C0B96C3}.Release|Any CPU.Build.0 = Release|Any CPU
		{6F8A902B-AAD3-4916-A417-7FB7A7E1B923}.Debug|Any CPU.ActiveCfg = Debug|Any CPU
		{6F8A902B-AAD3-4916-A417-7FB7A7E1B923}.Debug|Any CPU.Build.0 = Debug|Any CPU
		{6F8A902B-AAD3-4916-A417-7FB7A7E1B923}.Release|Any CPU.ActiveCfg = Release|Any CPU
		{6F8A902B-AAD3-4916-A417-7FB7A7E1B923}.Release|Any CPU.Build.0 = Release|Any CPU
		{11DFD2F0-5D99-456D-B3FA-6ADAD9FB7EAE}.Debug|Any CPU.ActiveCfg = Debug|Any CPU
		{11DFD2F0-5D99-456D-B3FA-6ADAD9FB7EAE}.Debug|Any CPU.Build.0 = Debug|Any CPU
		{11DFD2F0-5D99-456D-B3FA-6ADAD9FB7EAE}.Release|Any CPU.ActiveCfg = Release|Any CPU
		{11DFD2F0-5D99-456D-B3FA-6ADAD9FB7EAE}.Release|Any CPU.Build.0 = Release|Any CPU
	EndGlobalSection
	GlobalSection(SolutionProperties) = preSolution
		HideSolutionNode = FALSE
	EndGlobalSection
	GlobalSection(NestedProjects) = preSolution
		{06F65FAC-8B7E-441D-8B9B-5C4568C998D3} = {2590FE95-3A24-4EBA-BC40-E74F759B00E5}
		{B78E683E-2F89-481F-A1C9-15AB0C0B96C3} = {61F4FF41-0FA6-4B8E-81FC-128719510F08}
		{6F8A902B-AAD3-4916-A417-7FB7A7E1B923} = {61F4FF41-0FA6-4B8E-81FC-128719510F08}
		{11DFD2F0-5D99-456D-B3FA-6ADAD9FB7EAE} = {61F4FF41-0FA6-4B8E-81FC-128719510F08}
	EndGlobalSection
	GlobalSection(ExtensibilityGlobals) = postSolution
		SolutionGuid = {FF91119C-30EE-4ADD-96B1-943C96BB1742}
	EndGlobalSection
EndGlobal
